
Microsoft Visual Studio Solution File, Format Version 12.00
# Visual Studio Version 17
VisualStudioVersion = 17.4.33122.133
MinimumVisualStudioVersion = 10.0.40219.1
Project("{2150E333-8FDC-42A3-9474-1A3956D46DE8}") = "Task0", "Task0", "{B74E55FA-0DEF-42C4-8559-DE9BC079CF50}"
EndProject
Project("{FAE04EC0-301F-11D3-BF4B-00C04F79EFBC}") = "Tyuiu.BredihinLI.Sprint1.Task0.V8", "tyuiu.BredihinLI.Sprint1.Task0.V8\Tyuiu.BredihinLI.Sprint1.Task0.V8.csproj", "{8E05236E-A884-4520-B06A-9A4382B47152}"
EndProject
Project("{FAE04EC0-301F-11D3-BF4B-00C04F79EFBC}") = "Tyuiu.BredihinLI.Sprint1.Task0.V8.Lib", "tyuiu.BredihinLI.Sprint1.Task0.V8.Lib\Tyuiu.BredihinLI.Sprint1.Task0.V8.Lib.csproj", "{C6019A68-DD15-4AB1-A352-B7F934130A5F}"
EndProject
Project("{FAE04EC0-301F-11D3-BF4B-00C04F79EFBC}") = "Tyuiu.BredihinLI.Sprint1.Task0.V8.Test", "tyuiu.BredihinLI.Sprint1.Task0.V8.Test\Tyuiu.BredihinLI.Sprint1.Task0.V8.Test.csproj", "{D5FD2A04-7FBC-42EA-852D-D51AB3261F65}"
EndProject
Project("{2150E333-8FDC-42A3-9474-1A3956D46DE8}") = "Task1", "Task1", "{52BBCB49-8075-4103-897A-3872A564951A}"
EndProject
Project("{2150E333-8FDC-42A3-9474-1A3956D46DE8}") = "Task2", "Task2", "{591AB855-C27B-4293-AFE7-283C4A11AAD0}"
EndProject
Project("{2150E333-8FDC-42A3-9474-1A3956D46DE8}") = "Task3", "Task3", "{B3366D93-E5B7-4924-BA92-2F318AB71177}"
EndProject
Project("{2150E333-8FDC-42A3-9474-1A3956D46DE8}") = "Task4", "Task4", "{B6D19B77-ECC9-4B00-83EE-B157834C0D0C}"
EndProject
Project("{2150E333-8FDC-42A3-9474-1A3956D46DE8}") = "Task5", "Task5", "{D3F3287F-AC1F-4D63-BAFD-674B565FAD84}"
EndProject
Project("{2150E333-8FDC-42A3-9474-1A3956D46DE8}") = "Task6", "Task6", "{831437CF-9EA2-4355-B640-750FA9272544}"
EndProject
Project("{2150E333-8FDC-42A3-9474-1A3956D46DE8}") = "Task7", "Task7", "{D77B6CD7-8713-449D-9CFF-05482518EB23}"
EndProject
Project("{FAE04EC0-301F-11D3-BF4B-00C04F79EFBC}") = "tyuiu.BredihinLI.Sprint1.Task1.V15", "tyuiu.BredihinLI.Sprint1.Task1.V15\tyuiu.BredihinLI.Sprint1.Task1.V15.csproj", "{BE77A7D6-148D-415D-B702-4033480E4913}"
EndProject
Project("{FAE04EC0-301F-11D3-BF4B-00C04F79EFBC}") = "tyuiu.BredihinLI.Sprint1.Task2.V10", "tyuiu.BredihinLI.Sprint1.Task2.V10\tyuiu.BredihinLI.Sprint1.Task2.V10.csproj", "{A14E34DB-A6C2-42B3-A3D0-3CDDD9A3188C}"
EndProject
Project("{FAE04EC0-301F-11D3-BF4B-00C04F79EFBC}") = "tyuiu.BredihinLI.Sprint1.Task3.V13", "tyuiu.BredihinLI.Sprint1.Task3.V13\tyuiu.BredihinLI.Sprint1.Task3.V13.csproj", "{67B58C9E-64BB-4AC1-9F9B-359A0BBBF1CD}"
EndProject
Project("{FAE04EC0-301F-11D3-BF4B-00C04F79EFBC}") = "tyuiu.BredihinLI.Sprint1.Task4.V21", "tyuiu.BredihinLI.Sprint1.Task4.V21\tyuiu.BredihinLI.Sprint1.Task4.V21.csproj", "{808CFD5A-925C-48CF-A742-C2A49EA49651}"
EndProject
Project("{FAE04EC0-301F-11D3-BF4B-00C04F79EFBC}") = "tyuiu.BredihinLI.Sprint1.Task5.V5", "tyuiu.BredihinLI.Sprint1.Task5.V5\tyuiu.BredihinLI.Sprint1.Task5.V5.csproj", "{39B8E1D7-F7DC-4BE9-89D0-983251E824BD}"
EndProject
Project("{FAE04EC0-301F-11D3-BF4B-00C04F79EFBC}") = "tyuiu.BredihinLI.Sprint1.Task6.V4", "tyuiu.BredihinLI.Sprint1.Task6.V4\tyuiu.BredihinLI.Sprint1.Task6.V4.csproj", "{FEB1A47E-7F94-41FD-9611-D6E98B4AE18D}"
EndProject
Project("{FAE04EC0-301F-11D3-BF4B-00C04F79EFBC}") = "tyuiu.BredihinLI.Sprint1.Task7.V26", "tyuiu.BredihinLI.Sprint1.Task7.V26\tyuiu.BredihinLI.Sprint1.Task7.V26.csproj", "{C380529B-0050-4CB9-866E-F6A3BD87564A}"
EndProject
Project("{FAE04EC0-301F-11D3-BF4B-00C04F79EFBC}") = "tyuiu.BredihinLI.Sprint1.Task1.V15.Lib", "tyuiu.BredihinLI.Sprint1.Task1.V15.Lib\tyuiu.BredihinLI.Sprint1.Task1.V15.Lib.csproj", "{26F417A8-1D78-44F8-B127-96FBDD5476F5}"
EndProject
Project("{FAE04EC0-301F-11D3-BF4B-00C04F79EFBC}") = "tyuiu.BredihinLI.Sprint1.Task1.V15.Test", "tyuiu.BredihinLI.Sprint1.Task1.V15.Test\tyuiu.BredihinLI.Sprint1.Task1.V15.Test.csproj", "{80600568-C41B-44BC-ACC9-BEB9F055A7A5}"
EndProject
Project("{FAE04EC0-301F-11D3-BF4B-00C04F79EFBC}") = "tyuiu.BredihinLI.Sprint1.Task2.V10.Lib", "tyuiu.BredihinLI.Sprint1.Task2.V10.Lib\tyuiu.BredihinLI.Sprint1.Task2.V10.Lib.csproj", "{73046E83-2F77-4C0A-A222-B424500C8B90}"
EndProject
Project("{FAE04EC0-301F-11D3-BF4B-00C04F79EFBC}") = "tyuiu.BredihinLI.Sprint1.Task2.V10.Test", "tyuiu.BredihinLI.Sprint1.Task2.V10.Test\tyuiu.BredihinLI.Sprint1.Task2.V10.Test.csproj", "{546F08E6-F6CC-406C-B3F3-88871368B13E}"
EndProject
Project("{FAE04EC0-301F-11D3-BF4B-00C04F79EFBC}") = "tyuiu.BredihinLI.Sprint1.Task3.V13.Lib", "tyuiu.BredihinLI.Sprint1.Task3.V13.Lib\tyuiu.BredihinLI.Sprint1.Task3.V13.Lib.csproj", "{9D5C892B-D137-4F18-90BF-B51A65CFF1CF}"
EndProject
Project("{FAE04EC0-301F-11D3-BF4B-00C04F79EFBC}") = "tyuiu.BredihinLI.Sprint1.Task3.V13.Test", "tyuiu.BredihinLI.Sprint1.Task3.V13.Test\tyuiu.BredihinLI.Sprint1.Task3.V13.Test.csproj", "{72B90756-38E0-4FCB-AEE5-8DF5F03C2DA8}"
EndProject
Project("{FAE04EC0-301F-11D3-BF4B-00C04F79EFBC}") = "tyuiu.BredihinLI.Sprint1.Task4.V21.Lib", "tyuiu.BredihinLI.Sprint1.Task4.V21.Lib\tyuiu.BredihinLI.Sprint1.Task4.V21.Lib.csproj", "{61D6546D-89B0-4AAC-B46E-9E4249353C87}"
EndProject
Project("{FAE04EC0-301F-11D3-BF4B-00C04F79EFBC}") = "tyuiu.BredihinLI.Sprint1.Task4.V21.Test", "tyuiu.BredihinLI.Sprint1.Task4.V21.Test\tyuiu.BredihinLI.Sprint1.Task4.V21.Test.csproj", "{0C2D124D-E4EC-4B4C-BBD0-4D48E59686C7}"
EndProject
Project("{FAE04EC0-301F-11D3-BF4B-00C04F79EFBC}") = "tyuiu.BredihinLI.Sprint1.Task5.V5.Lib", "tyuiu.BredihinLI.Sprint1.Task5.V5.Lib\tyuiu.BredihinLI.Sprint1.Task5.V5.Lib.csproj", "{2EFA1F97-F68F-4B73-A9F6-1E7A2007AF5F}"
EndProject
Project("{FAE04EC0-301F-11D3-BF4B-00C04F79EFBC}") = "tyuiu.BredihinLI.Sprint1.Task5.V5.Test", "tyuiu.BredihinLI.Sprint1.Task5.V5.Test\tyuiu.BredihinLI.Sprint1.Task5.V5.Test.csproj", "{24C25185-A0A2-41F8-B93D-5314C8782E8F}"
EndProject
Project("{FAE04EC0-301F-11D3-BF4B-00C04F79EFBC}") = "tyuiu.BredihinLI.Sprint1.Task6.V4.Lib", "tyuiu.BredihinLI.Sprint1.Task6.V4.Lib\tyuiu.BredihinLI.Sprint1.Task6.V4.Lib.csproj", "{C8168598-1867-426A-922F-E72C52A2028B}"
EndProject
Project("{FAE04EC0-301F-11D3-BF4B-00C04F79EFBC}") = "tyuiu.BredihinLI.Sprint1.Task6.V4.Test", "tyuiu.BredihinLI.Sprint1.Task6.V4.Test\tyuiu.BredihinLI.Sprint1.Task6.V4.Test.csproj", "{864BCEE7-EC53-4C92-999E-821D7F72F27D}"
EndProject
Project("{FAE04EC0-301F-11D3-BF4B-00C04F79EFBC}") = "tyuiu.BredihinLI.Sprint1.Task7.V26.Lib", "tyuiu.BredihinLI.Sprint1.Task7.V26.Lib\tyuiu.BredihinLI.Sprint1.Task7.V26.Lib.csproj", "{B27A922E-C763-44A1-87BB-BDDE9FF1BEFF}"
EndProject
Project("{FAE04EC0-301F-11D3-BF4B-00C04F79EFBC}") = "tyuiu.BredihinLI.Sprint1.Task7.V26.Test", "tyuiu.BredihinLI.Sprint1.Task7.V26.Test\tyuiu.BredihinLI.Sprint1.Task7.V26.Test.csproj", "{9226A864-48BD-4679-954F-E68A8F6DAC9E}"
EndProject
Global
	GlobalSection(SolutionConfigurationPlatforms) = preSolution
		Debug|Any CPU = Debug|Any CPU
		Release|Any CPU = Release|Any CPU
	EndGlobalSection
	GlobalSection(ProjectConfigurationPlatforms) = postSolution
		{8E05236E-A884-4520-B06A-9A4382B47152}.Debug|Any CPU.ActiveCfg = Debug|Any CPU
		{8E05236E-A884-4520-B06A-9A4382B47152}.Debug|Any CPU.Build.0 = Debug|Any CPU
		{8E05236E-A884-4520-B06A-9A4382B47152}.Release|Any CPU.ActiveCfg = Release|Any CPU
		{8E05236E-A884-4520-B06A-9A4382B47152}.Release|Any CPU.Build.0 = Release|Any CPU
		{C6019A68-DD15-4AB1-A352-B7F934130A5F}.Debug|Any CPU.ActiveCfg = Debug|Any CPU
		{C6019A68-DD15-4AB1-A352-B7F934130A5F}.Debug|Any CPU.Build.0 = Debug|Any CPU
		{C6019A68-DD15-4AB1-A352-B7F934130A5F}.Release|Any CPU.ActiveCfg = Release|Any CPU
		{C6019A68-DD15-4AB1-A352-B7F934130A5F}.Release|Any CPU.Build.0 = Release|Any CPU
		{D5FD2A04-7FBC-42EA-852D-D51AB3261F65}.Debug|Any CPU.ActiveCfg = Debug|Any CPU
		{D5FD2A04-7FBC-42EA-852D-D51AB3261F65}.Debug|Any CPU.Build.0 = Debug|Any CPU
		{D5FD2A04-7FBC-42EA-852D-D51AB3261F65}.Release|Any CPU.ActiveCfg = Release|Any CPU
		{D5FD2A04-7FBC-42EA-852D-D51AB3261F65}.Release|Any CPU.Build.0 = Release|Any CPU
		{BE77A7D6-148D-415D-B702-4033480E4913}.Debug|Any CPU.ActiveCfg = Debug|Any CPU
		{BE77A7D6-148D-415D-B702-4033480E4913}.Debug|Any CPU.Build.0 = Debug|Any CPU
		{BE77A7D6-148D-415D-B702-4033480E4913}.Release|Any CPU.ActiveCfg = Release|Any CPU
		{BE77A7D6-148D-415D-B702-4033480E4913}.Release|Any CPU.Build.0 = Release|Any CPU
		{A14E34DB-A6C2-42B3-A3D0-3CDDD9A3188C}.Debug|Any CPU.ActiveCfg = Debug|Any CPU
		{A14E34DB-A6C2-42B3-A3D0-3CDDD9A3188C}.Debug|Any CPU.Build.0 = Debug|Any CPU
		{A14E34DB-A6C2-42B3-A3D0-3CDDD9A3188C}.Release|Any CPU.ActiveCfg = Release|Any CPU
		{A14E34DB-A6C2-42B3-A3D0-3CDDD9A3188C}.Release|Any CPU.Build.0 = Release|Any CPU
		{67B58C9E-64BB-4AC1-9F9B-359A0BBBF1CD}.Debug|Any CPU.ActiveCfg = Debug|Any CPU
		{67B58C9E-64BB-4AC1-9F9B-359A0BBBF1CD}.Debug|Any CPU.Build.0 = Debug|Any CPU
		{67B58C9E-64BB-4AC1-9F9B-359A0BBBF1CD}.Release|Any CPU.ActiveCfg = Release|Any CPU
		{67B58C9E-64BB-4AC1-9F9B-359A0BBBF1CD}.Release|Any CPU.Build.0 = Release|Any CPU
		{808CFD5A-925C-48CF-A742-C2A49EA49651}.Debug|Any CPU.ActiveCfg = Debug|Any CPU
		{808CFD5A-925C-48CF-A742-C2A49EA49651}.Debug|Any CPU.Build.0 = Debug|Any CPU
		{808CFD5A-925C-48CF-A742-C2A49EA49651}.Release|Any CPU.ActiveCfg = Release|Any CPU
		{808CFD5A-925C-48CF-A742-C2A49EA49651}.Release|Any CPU.Build.0 = Release|Any CPU
		{39B8E1D7-F7DC-4BE9-89D0-983251E824BD}.Debug|Any CPU.ActiveCfg = Debug|Any CPU
		{39B8E1D7-F7DC-4BE9-89D0-983251E824BD}.Debug|Any CPU.Build.0 = Debug|Any CPU
		{39B8E1D7-F7DC-4BE9-89D0-983251E824BD}.Release|Any CPU.ActiveCfg = Release|Any CPU
		{39B8E1D7-F7DC-4BE9-89D0-983251E824BD}.Release|Any CPU.Build.0 = Release|Any CPU
		{FEB1A47E-7F94-41FD-9611-D6E98B4AE18D}.Debug|Any CPU.ActiveCfg = Debug|Any CPU
		{FEB1A47E-7F94-41FD-9611-D6E98B4AE18D}.Debug|Any CPU.Build.0 = Debug|Any CPU
		{FEB1A47E-7F94-41FD-9611-D6E98B4AE18D}.Release|Any CPU.ActiveCfg = Release|Any CPU
		{FEB1A47E-7F94-41FD-9611-D6E98B4AE18D}.Release|Any CPU.Build.0 = Release|Any CPU
		{C380529B-0050-4CB9-866E-F6A3BD87564A}.Debug|Any CPU.ActiveCfg = Debug|Any CPU
		{C380529B-0050-4CB9-866E-F6A3BD87564A}.Debug|Any CPU.Build.0 = Debug|Any CPU
		{C380529B-0050-4CB9-866E-F6A3BD87564A}.Release|Any CPU.ActiveCfg = Release|Any CPU
		{C380529B-0050-4CB9-866E-F6A3BD87564A}.Release|Any CPU.Build.0 = Release|Any CPU
		{26F417A8-1D78-44F8-B127-96FBDD5476F5}.Debug|Any CPU.ActiveCfg = Debug|Any CPU
		{26F417A8-1D78-44F8-B127-96FBDD5476F5}.Debug|Any CPU.Build.0 = Debug|Any CPU
		{26F417A8-1D78-44F8-B127-96FBDD5476F5}.Release|Any CPU.ActiveCfg = Release|Any CPU
		{26F417A8-1D78-44F8-B127-96FBDD5476F5}.Release|Any CPU.Build.0 = Release|Any CPU
		{80600568-C41B-44BC-ACC9-BEB9F055A7A5}.Debug|Any CPU.ActiveCfg = Debug|Any CPU
		{80600568-C41B-44BC-ACC9-BEB9F055A7A5}.Debug|Any CPU.Build.0 = Debug|Any CPU
		{80600568-C41B-44BC-ACC9-BEB9F055A7A5}.Release|Any CPU.ActiveCfg = Release|Any CPU
		{80600568-C41B-44BC-ACC9-BEB9F055A7A5}.Release|Any CPU.Build.0 = Release|Any CPU
		{73046E83-2F77-4C0A-A222-B424500C8B90}.Debug|Any CPU.ActiveCfg = Debug|Any CPU
		{73046E83-2F77-4C0A-A222-B424500C8B90}.Debug|Any CPU.Build.0 = Debug|Any CPU
		{73046E83-2F77-4C0A-A222-B424500C8B90}.Release|Any CPU.ActiveCfg = Release|Any CPU
		{73046E83-2F77-4C0A-A222-B424500C8B90}.Release|Any CPU.Build.0 = Release|Any CPU
		{546F08E6-F6CC-406C-B3F3-88871368B13E}.Debug|Any CPU.ActiveCfg = Debug|Any CPU
		{546F08E6-F6CC-406C-B3F3-88871368B13E}.Debug|Any CPU.Build.0 = Debug|Any CPU
		{546F08E6-F6CC-406C-B3F3-88871368B13E}.Release|Any CPU.ActiveCfg = Release|Any CPU
		{546F08E6-F6CC-406C-B3F3-88871368B13E}.Release|Any CPU.Build.0 = Release|Any CPU
		{9D5C892B-D137-4F18-90BF-B51A65CFF1CF}.Debug|Any CPU.ActiveCfg = Debug|Any CPU
		{9D5C892B-D137-4F18-90BF-B51A65CFF1CF}.Debug|Any CPU.Build.0 = Debug|Any CPU
		{9D5C892B-D137-4F18-90BF-B51A65CFF1CF}.Release|Any CPU.ActiveCfg = Release|Any CPU
		{9D5C892B-D137-4F18-90BF-B51A65CFF1CF}.Release|Any CPU.Build.0 = Release|Any CPU
		{72B90756-38E0-4FCB-AEE5-8DF5F03C2DA8}.Debug|Any CPU.ActiveCfg = Debug|Any CPU
		{72B90756-38E0-4FCB-AEE5-8DF5F03C2DA8}.Debug|Any CPU.Build.0 = Debug|Any CPU
		{72B90756-38E0-4FCB-AEE5-8DF5F03C2DA8}.Release|Any CPU.ActiveCfg = Release|Any CPU
		{72B90756-38E0-4FCB-AEE5-8DF5F03C2DA8}.Release|Any CPU.Build.0 = Release|Any CPU
		{61D6546D-89B0-4AAC-B46E-9E4249353C87}.Debug|Any CPU.ActiveCfg = Debug|Any CPU
		{61D6546D-89B0-4AAC-B46E-9E4249353C87}.Debug|Any CPU.Build.0 = Debug|Any CPU
		{61D6546D-89B0-4AAC-B46E-9E4249353C87}.Release|Any CPU.ActiveCfg = Release|Any CPU
		{61D6546D-89B0-4AAC-B46E-9E4249353C87}.Release|Any CPU.Build.0 = Release|Any CPU
		{0C2D124D-E4EC-4B4C-BBD0-4D48E59686C7}.Debug|Any CPU.ActiveCfg = Debug|Any CPU
		{0C2D124D-E4EC-4B4C-BBD0-4D48E59686C7}.Debug|Any CPU.Build.0 = Debug|Any CPU
		{0C2D124D-E4EC-4B4C-BBD0-4D48E59686C7}.Release|Any CPU.ActiveCfg = Release|Any CPU
		{0C2D124D-E4EC-4B4C-BBD0-4D48E59686C7}.Release|Any CPU.Build.0 = Release|Any CPU
		{2EFA1F97-F68F-4B73-A9F6-1E7A2007AF5F}.Debug|Any CPU.ActiveCfg = Debug|Any CPU
		{2EFA1F97-F68F-4B73-A9F6-1E7A2007AF5F}.Debug|Any CPU.Build.0 = Debug|Any CPU
		{2EFA1F97-F68F-4B73-A9F6-1E7A2007AF5F}.Release|Any CPU.ActiveCfg = Release|Any CPU
		{2EFA1F97-F68F-4B73-A9F6-1E7A2007AF5F}.Release|Any CPU.Build.0 = Release|Any CPU
		{24C25185-A0A2-41F8-B93D-5314C8782E8F}.Debug|Any CPU.ActiveCfg = Debug|Any CPU
		{24C25185-A0A2-41F8-B93D-5314C8782E8F}.Debug|Any CPU.Build.0 = Debug|Any CPU
		{24C25185-A0A2-41F8-B93D-5314C8782E8F}.Release|Any CPU.ActiveCfg = Release|Any CPU
		{24C25185-A0A2-41F8-B93D-5314C8782E8F}.Release|Any CPU.Build.0 = Release|Any CPU
		{C8168598-1867-426A-922F-E72C52A2028B}.Debug|Any CPU.ActiveCfg = Debug|Any CPU
		{C8168598-1867-426A-922F-E72C52A2028B}.Debug|Any CPU.Build.0 = Debug|Any CPU
		{C8168598-1867-426A-922F-E72C52A2028B}.Release|Any CPU.ActiveCfg = Release|Any CPU
		{C8168598-1867-426A-922F-E72C52A2028B}.Release|Any CPU.Build.0 = Release|Any CPU
		{864BCEE7-EC53-4C92-999E-821D7F72F27D}.Debug|Any CPU.ActiveCfg = Debug|Any CPU
		{864BCEE7-EC53-4C92-999E-821D7F72F27D}.Debug|Any CPU.Build.0 = Debug|Any CPU
		{864BCEE7-EC53-4C92-999E-821D7F72F27D}.Release|Any CPU.ActiveCfg = Release|Any CPU
		{864BCEE7-EC53-4C92-999E-821D7F72F27D}.Release|Any CPU.Build.0 = Release|Any CPU
		{B27A922E-C763-44A1-87BB-BDDE9FF1BEFF}.Debug|Any CPU.ActiveCfg = Debug|Any CPU
		{B27A922E-C763-44A1-87BB-BDDE9FF1BEFF}.Debug|Any CPU.Build.0 = Debug|Any CPU
		{B27A922E-C763-44A1-87BB-BDDE9FF1BEFF}.Release|Any CPU.ActiveCfg = Release|Any CPU
		{B27A922E-C763-44A1-87BB-BDDE9FF1BEFF}.Release|Any CPU.Build.0 = Release|Any CPU
		{9226A864-48BD-4679-954F-E68A8F6DAC9E}.Debug|Any CPU.ActiveCfg = Debug|Any CPU
		{9226A864-48BD-4679-954F-E68A8F6DAC9E}.Debug|Any CPU.Build.0 = Debug|Any CPU
		{9226A864-48BD-4679-954F-E68A8F6DAC9E}.Release|Any CPU.ActiveCfg = Release|Any CPU
		{9226A864-48BD-4679-954F-E68A8F6DAC9E}.Release|Any CPU.Build.0 = Release|Any CPU
	EndGlobalSection
	GlobalSection(SolutionProperties) = preSolution
		HideSolutionNode = FALSE
	EndGlobalSection
	GlobalSection(NestedProjects) = preSolution
		{8E05236E-A884-4520-B06A-9A4382B47152} = {B74E55FA-0DEF-42C4-8559-DE9BC079CF50}
		{C6019A68-DD15-4AB1-A352-B7F934130A5F} = {B74E55FA-0DEF-42C4-8559-DE9BC079CF50}
		{D5FD2A04-7FBC-42EA-852D-D51AB3261F65} = {B74E55FA-0DEF-42C4-8559-DE9BC079CF50}
		{BE77A7D6-148D-415D-B702-4033480E4913} = {52BBCB49-8075-4103-897A-3872A564951A}
		{A14E34DB-A6C2-42B3-A3D0-3CDDD9A3188C} = {591AB855-C27B-4293-AFE7-283C4A11AAD0}
		{67B58C9E-64BB-4AC1-9F9B-359A0BBBF1CD} = {B3366D93-E5B7-4924-BA92-2F318AB71177}
		{808CFD5A-925C-48CF-A742-C2A49EA49651} = {B6D19B77-ECC9-4B00-83EE-B157834C0D0C}
		{39B8E1D7-F7DC-4BE9-89D0-983251E824BD} = {D3F3287F-AC1F-4D63-BAFD-674B565FAD84}
		{FEB1A47E-7F94-41FD-9611-D6E98B4AE18D} = {831437CF-9EA2-4355-B640-750FA9272544}
		{C380529B-0050-4CB9-866E-F6A3BD87564A} = {D77B6CD7-8713-449D-9CFF-05482518EB23}
		{26F417A8-1D78-44F8-B127-96FBDD5476F5} = {52BBCB49-8075-4103-897A-3872A564951A}
		{80600568-C41B-44BC-ACC9-BEB9F055A7A5} = {52BBCB49-8075-4103-897A-3872A564951A}
		{73046E83-2F77-4C0A-A222-B424500C8B90} = {591AB855-C27B-4293-AFE7-283C4A11AAD0}
		{546F08E6-F6CC-406C-B3F3-88871368B13E} = {591AB855-C27B-4293-AFE7-283C4A11AAD0}
		{9D5C892B-D137-4F18-90BF-B51A65CFF1CF} = {B3366D93-E5B7-4924-BA92-2F318AB71177}
		{72B90756-38E0-4FCB-AEE5-8DF5F03C2DA8} = {B3366D93-E5B7-4924-BA92-2F318AB71177}
		{61D6546D-89B0-4AAC-B46E-9E4249353C87} = {B6D19B77-ECC9-4B00-83EE-B157834C0D0C}
		{0C2D124D-E4EC-4B4C-BBD0-4D48E59686C7} = {B6D19B77-ECC9-4B00-83EE-B157834C0D0C}
		{2EFA1F97-F68F-4B73-A9F6-1E7A2007AF5F} = {D3F3287F-AC1F-4D63-BAFD-674B565FAD84}
		{24C25185-A0A2-41F8-B93D-5314C8782E8F} = {D3F3287F-AC1F-4D63-BAFD-674B565FAD84}
		{C8168598-1867-426A-922F-E72C52A2028B} = {831437CF-9EA2-4355-B640-750FA9272544}
		{864BCEE7-EC53-4C92-999E-821D7F72F27D} = {831437CF-9EA2-4355-B640-750FA9272544}
		{B27A922E-C763-44A1-87BB-BDDE9FF1BEFF} = {D77B6CD7-8713-449D-9CFF-05482518EB23}
		{9226A864-48BD-4679-954F-E68A8F6DAC9E} = {D77B6CD7-8713-449D-9CFF-05482518EB23}
	EndGlobalSection
	GlobalSection(ExtensibilityGlobals) = postSolution
		SolutionGuid = {5AA7BA08-C4CF-470E-8AD0-DD5400969E0F}
	EndGlobalSection
EndGlobal
